
Microsoft Visual Studio Solution File, Format Version 12.00
# Visual Studio Version 17
VisualStudioVersion = 17.8.34525.116
MinimumVisualStudioVersion = 10.0.40219.1
Project("{FAE04EC0-301F-11D3-BF4B-00C04F79EFBC}") = "StorageRoom", "StorageRoom\StorageRoom.csproj", "{22042C33-A239-445A-8669-AAA1FA6EA6C1}"
EndProject
Global
	GlobalSection(SolutionConfigurationPlatforms) = preSolution
		Debug|Any CPU = Debug|Any CPU
		Release|Any CPU = Release|Any CPU
	EndGlobalSection
	GlobalSection(ProjectConfigurationPlatforms) = postSolution
		{22042C33-A239-445A-8669-AAA1FA6EA6C1}.Debug|Any CPU.ActiveCfg = Debug|Any CPU
		{22042C33-A239-445A-8669-AAA1FA6EA6C1}.Debug|Any CPU.Build.0 = Debug|Any CPU
		{22042C33-A239-445A-8669-AAA1FA6EA6C1}.Release|Any CPU.ActiveCfg = Release|Any CPU
		{22042C33-A239-445A-8669-AAA1FA6EA6C1}.Release|Any CPU.Build.0 = Release|Any CPU
	EndGlobalSection
	GlobalSection(SolutionProperties) = preSolution
		HideSolutionNode = FALSE
	EndGlobalSection
	GlobalSection(ExtensibilityGlobals) = postSolution
		SolutionGuid = {5DA79B1A-B7C3-4B4D-AA7B-C39D1465A90E}
	EndGlobalSection
EndGlobal
